{
  "name": "@adamlui/geolocate",
  "version": "2.0.4",
  "lockfileVersion": 3,
  "requires": true,
  "packages": {
    "": {
      "name": "@adamlui/geolocate",
      "version": "2.0.4",
      "license": "MIT",
      "dependencies": {
        "generate-ip": "^2.2.8"
      },
      "bin": {
        "geolocate": "dist/cli.min.js"
      },
      "devDependencies": {
        "@adamlui/minify.js": "^1.5.5"
      }
    },
    "node_modules/@adamlui/minify.js": {
      "version": "1.5.7",
      "resolved": "https://registry.npmjs.org/@adamlui/minify.js/-/minify.js-1.5.7.tgz",
      "integrity": "sha512-Uf2hU/SrHIGAoGXZ6wGXr2RlhTDAsIp0z8QkGV52RQ05er5XX1A55Y9sHAUIK+WsXg+0EKmqNbw3bz7dkkpLmg==",
      "dev": true,
      "dependencies": {
        "uglify-js": "^3.17.4"
      },
      "bin": {
        "minify-js": "dist/cli.min.js",
        "minifyjs": "dist/cli.min.js"
      },
      "funding": {
        "type": "github",
        "url": "https://github.com/sponsors/adamlui"
      }
    },
    "node_modules/generate-ip": {
      "version": "2.2.8",
      "resolved": "https://registry.npmjs.org/generate-ip/-/generate-ip-2.2.8.tgz",
      "integrity": "sha512-2EcG1mkbwAL8VQKrzT/vMuOlAryMnSr/UJ9DLIqmlXTqxvWk3MOi0d2iBDP+1FtBLKvm6YEo9IIWZ3+9ifMjKQ==",
      "bin": {
        "generate-ip": "dist/cli.min.js",
        "generateip": "dist/cli.min.js"
      },
      "funding": {
        "type": "github",
        "url": "https://github.com/sponsors/adamlui"
      }
    },
    "node_modules/uglify-js": {
      "version": "3.17.4",
      "resolved": "https://registry.npmjs.org/uglify-js/-/uglify-js-3.17.4.tgz",
      "integrity": "sha512-T9q82TJI9e/C1TAxYvfb16xO120tMVFZrGA3f9/P4424DNu6ypK103y0GPFVa17yotwSyZW5iYXgjYHkGrJW/g==",
      "dev": true,
      "bin": {
        "uglifyjs": "bin/uglifyjs"
      },
      "engines": {
        "node": ">=0.8.0"
      }
    }
  }
}
