{
  "name": "@adamlui/geolocate",
  "version": "2.0.8",
  "lockfileVersion": 3,
  "requires": true,
  "packages": {
    "": {
      "name": "@adamlui/geolocate",
      "version": "2.0.8",
      "license": "MIT",
      "dependencies": {
        "generate-ip": "^2.3.1"
      },
      "bin": {
        "geolocate": "dist/cli.min.js"
      },
      "devDependencies": {
        "@adamlui/minify.js": "^1.6.1"
      }
    },
    "node_modules/@adamlui/minify.js": {
      "version": "1.6.1",
      "resolved": "https://registry.npmjs.org/@adamlui/minify.js/-/minify.js-1.6.1.tgz",
      "integrity": "sha512-ctYAS+o6BP4a+aKJyR5SNK6+XKTz5TXGAWxjbJqwzeUtiikIanqnp837qRvrZrGwCpIufB6epOUUUz4usEGcMA==",
      "dev": true,
      "dependencies": {
        "uglify-js": "^3.17.4"
      },
      "bin": {
        "minify-js": "dist/cli.min.js",
        "minifyjs": "dist/cli.min.js"
      },
      "funding": {
        "type": "github",
        "url": "https://github.com/sponsors/adamlui"
      }
    },
    "node_modules/generate-ip": {
      "version": "2.4.1",
      "resolved": "https://registry.npmjs.org/generate-ip/-/generate-ip-2.4.1.tgz",
      "integrity": "sha512-QE3lzvlzlwTjL/zYLOD3GXOt1b+mWri9OMd67ksQTsuJa3PndumQWUgEX0QhBT/rNLFgT+hneq0iwX5YPhiXNg==",
      "bin": {
        "generate-ip": "bin/generate-ip",
        "generate-ipv4": "bin/generate-ipv4",
        "generate-ipv6": "bin/generate-ipv6",
        "generate-mac": "bin/generate-mac",
        "generateip": "bin/generateip",
        "generateipv4": "bin/generateipv4",
        "generateipv6": "bin/generateipv6",
        "generatemac": "bin/generatemac"
      },
      "funding": {
        "type": "github",
        "url": "https://github.com/sponsors/adamlui"
      }
    },
    "node_modules/uglify-js": {
      "version": "3.17.4",
      "resolved": "https://registry.npmjs.org/uglify-js/-/uglify-js-3.17.4.tgz",
      "integrity": "sha512-T9q82TJI9e/C1TAxYvfb16xO120tMVFZrGA3f9/P4424DNu6ypK103y0GPFVa17yotwSyZW5iYXgjYHkGrJW/g==",
      "dev": true,
      "bin": {
        "uglifyjs": "bin/uglifyjs"
      },
      "engines": {
        "node": ">=0.8.0"
      }
    }
  }
}
