{
  "name": "@adamlui/geolocate",
  "version": "1.0.2",
  "lockfileVersion": 3,
  "requires": true,
  "packages": {
    "": {
      "name": "@adamlui/geolocate",
      "version": "1.0.2",
      "license": "MIT",
      "dependencies": {
        "generate-ip": "^2.2.0"
      },
      "bin": {
        "geolocate": "dist/cli.min.js"
      },
      "devDependencies": {
        "@adamlui/minify.js": "^1.5.0"
      }
    },
    "node_modules/@adamlui/minify.js": {
      "version": "1.5.1",
      "resolved": "https://registry.npmjs.org/@adamlui/minify.js/-/minify.js-1.5.1.tgz",
      "integrity": "sha512-gvZ5tivpu7TLjOHkS+gZ+dy93itV/yKoPZTw7WBRzGnx1DKvUqUnPnz6JNGdA0tPJHzr04CrxK0cvPiLQVZh9w==",
      "dev": true,
      "dependencies": {
        "uglify-js": "^3.17.4"
      },
      "bin": {
        "minify-js": "dist/cli.min.js",
        "minifyjs": "dist/cli.min.js"
      },
      "funding": {
        "type": "github",
        "url": "https://github.com/sponsors/adamlui"
      }
    },
    "node_modules/generate-ip": {
      "version": "2.2.0",
      "resolved": "https://registry.npmjs.org/generate-ip/-/generate-ip-2.2.0.tgz",
      "integrity": "sha512-ip3ukgQSstihXoXPTKwvBbGsrDteRx6CBZrzNt0NPmT5cTSVYfCQ9Gp/YnUu1/iMqqQyzqnHdcbL5l/Za5ALcg==",
      "bin": {
        "generate-ip": "dist/cli.min.js",
        "generateip": "dist/cli.min.js"
      },
      "funding": {
        "type": "github",
        "url": "https://github.com/sponsors/adamlui"
      }
    },
    "node_modules/uglify-js": {
      "version": "3.17.4",
      "resolved": "https://registry.npmjs.org/uglify-js/-/uglify-js-3.17.4.tgz",
      "integrity": "sha512-T9q82TJI9e/C1TAxYvfb16xO120tMVFZrGA3f9/P4424DNu6ypK103y0GPFVa17yotwSyZW5iYXgjYHkGrJW/g==",
      "dev": true,
      "bin": {
        "uglifyjs": "bin/uglifyjs"
      },
      "engines": {
        "node": ">=0.8.0"
      }
    }
  }
}
