{
  "name": "@adamlui/minify.js",
  "version": "1.5.7",
  "lockfileVersion": 3,
  "requires": true,
  "packages": {
    "": {
      "name": "@adamlui/minify.js",
      "version": "1.5.7",
      "license": "MIT",
      "dependencies": {
        "uglify-js": "^3.17.4"
      },
      "bin": {
        "minify-js": "dist/cli.min.js",
        "minifyjs": "dist/cli.min.js"
      },
      "funding": {
        "type": "github",
        "url": "https://github.com/sponsors/adamlui"
      }
    },
    "node_modules/uglify-js": {
      "version": "3.17.4",
      "resolved": "https://registry.npmjs.org/uglify-js/-/uglify-js-3.17.4.tgz",
      "integrity": "sha512-T9q82TJI9e/C1TAxYvfb16xO120tMVFZrGA3f9/P4424DNu6ypK103y0GPFVa17yotwSyZW5iYXgjYHkGrJW/g==",
      "bin": {
        "uglifyjs": "bin/uglifyjs"
      },
      "engines": {
        "node": ">=0.8.0"
      }
    }
  }
}
