{
  "name": "generate-ip",
  "version": "1.0.0",
  "lockfileVersion": 3,
  "requires": true,
  "packages": {
    "": {
      "name": "generate-ip",
      "version": "1.0.0",
      "license": "MIT",
      "bin": {
        "generate-ip": "generate-ip.js",
        "generateip": "generate-ip.js"
      },
      "funding": {
        "type": "github",
        "url": "https://github.com/sponsors/adamlui"
      }
    }
  }
}
