{
  "name": "generate-ip",
  "version": "2.0.0",
  "lockfileVersion": 3,
  "requires": true,
  "packages": {
    "": {
      "name": "generate-ip",
      "version": "2.0.0",
      "license": "MIT",
      "bin": {
        "generate-ip": "generate-ip.js",
        "generateip": "generate-ip.js"
      },
      "devDependencies": {
        "@adamlui/minify.js": "^1.4.5"
      },
      "funding": {
        "type": "github",
        "url": "https://github.com/sponsors/adamlui"
      }
    },
    "node_modules/@adamlui/minify.js": {
      "version": "1.4.5",
      "resolved": "https://registry.npmjs.org/@adamlui/minify.js/-/minify.js-1.4.5.tgz",
      "integrity": "sha512-FexdL5VVzpApDVzfz2PSm7GA5+AsieophE1fqA6CSrOSfwVjx6Jr3B3auQ51JtdmwU9byc/2DVw3YQugng9n4g==",
      "dev": true,
      "dependencies": {
        "uglify-js": "^3.17.4"
      },
      "bin": {
        "minify-js": "minify.js",
        "minifyjs": "minify.js"
      },
      "funding": {
        "type": "github",
        "url": "https://github.com/sponsors/adamlui"
      }
    },
    "node_modules/uglify-js": {
      "version": "3.17.4",
      "resolved": "https://registry.npmjs.org/uglify-js/-/uglify-js-3.17.4.tgz",
      "integrity": "sha512-T9q82TJI9e/C1TAxYvfb16xO120tMVFZrGA3f9/P4424DNu6ypK103y0GPFVa17yotwSyZW5iYXgjYHkGrJW/g==",
      "dev": true,
      "bin": {
        "uglifyjs": "bin/uglifyjs"
      },
      "engines": {
        "node": ">=0.8.0"
      }
    }
  }
}
