{
  "name": "generate-pw",
  "version": "1.2.1",
  "lockfileVersion": 3,
  "requires": true,
  "packages": {
    "": {
      "name": "generate-pw",
      "version": "1.2.1",
      "license": "MIT",
      "bin": {
        "generate-pw": "generate-pw.js",
        "generatepw": "generate-pw.js"
      },
      "funding": {
        "type": "github",
        "url": "https://github.com/sponsors/adamlui"
      }
    }
  }
}
