{
  "name": "generate-pw",
  "version": "1.4.0",
  "lockfileVersion": 3,
  "requires": true,
  "packages": {
    "": {
      "name": "generate-pw",
      "version": "1.4.0",
      "license": "MIT",
      "bin": {
        "generate-pw": "dist/generate-pw.min.js",
        "generatepw": "dist/generate-pw.min.js"
      },
      "devDependencies": {
        "@adamlui/minify.js": "^1.4.8"
      },
      "funding": {
        "type": "github",
        "url": "https://github.com/sponsors/adamlui"
      }
    },
    "node_modules/@adamlui/minify.js": {
      "version": "1.4.8",
      "resolved": "https://registry.npmjs.org/@adamlui/minify.js/-/minify.js-1.4.8.tgz",
      "integrity": "sha512-Ho+C50zLiLENd3VcJJMmlHz7D7ExDa8FvGr0XyGiVM+11L9pUyi5k9R/vISA4HytBxHVQQ/iB7564yP+/6DOug==",
      "dev": true,
      "dependencies": {
        "uglify-js": "^3.17.4"
      },
      "bin": {
        "minify-js": "minify.js",
        "minifyjs": "minify.js"
      },
      "funding": {
        "type": "github",
        "url": "https://github.com/sponsors/adamlui"
      }
    },
    "node_modules/uglify-js": {
      "version": "3.17.4",
      "resolved": "https://registry.npmjs.org/uglify-js/-/uglify-js-3.17.4.tgz",
      "integrity": "sha512-T9q82TJI9e/C1TAxYvfb16xO120tMVFZrGA3f9/P4424DNu6ypK103y0GPFVa17yotwSyZW5iYXgjYHkGrJW/g==",
      "dev": true,
      "bin": {
        "uglifyjs": "bin/uglifyjs"
      },
      "engines": {
        "node": ">=0.8.0"
      }
    }
  }
}
